Microsoft Visual Studio Solution File, Format Version 12.00
# Visual Studio Version 17
VisualStudioVersion = 17.5.2.0
MinimumVisualStudioVersion = 10.0.40219.1
Project("{FAE04EC0-301F-11D3-BF4B-00C04F79EFBC}") = "CodeQuest", "CodeQuest.csproj", "{28A4FE78-E943-94D1-CEA4-2E6808AD7BB5}"
EndProject
Global
	GlobalSection(SolutionConfigurationPlatforms) = preSolution
		Debug|Any CPU = Debug|Any CPU
		Release|Any CPU = Release|Any CPU
	EndGlobalSection
	GlobalSection(ProjectConfigurationPlatforms) = postSolution
		{28A4FE78-E943-94D1-CEA4-2E6808AD7BB5}.Debug|Any CPU.ActiveCfg = Debug|Any CPU
		{28A4FE78-E943-94D1-CEA4-2E6808AD7BB5}.Debug|Any CPU.Build.0 = Debug|Any CPU
		{28A4FE78-E943-94D1-CEA4-2E6808AD7BB5}.Release|Any CPU.ActiveCfg = Release|Any CPU
		{28A4FE78-E943-94D1-CEA4-2E6808AD7BB5}.Release|Any CPU.Build.0 = Release|Any CPU
	EndGlobalSection
	GlobalSection(SolutionProperties) = preSolution
		HideSolutionNode = FALSE
	EndGlobalSection
	GlobalSection(ExtensibilityGlobals) = postSolution
		SolutionGuid = {D2E523A5-8DAE-462F-A773-B39B1F76FA12}
	EndGlobalSection
EndGlobal
